dependencies:
- name: postgresql
  repository: oci://registry-1.docker.io/bitnamicharts
  version: 16.4.7
- name: clickhouse
  repository: oci://registry-1.docker.io/bitnamicharts
  version: 7.2.0
- name: minio
  repository: oci://registry-1.docker.io/bitnamicharts
  version: 14.10.5
digest: sha256:7f4cb23868850b1ac5bcb979ea2123ba333848fbfb4e735f278d0f062ce4857f
generated: "2025-02-12T15:01:08.120694544+03:00"
